
Microsoft Visual Studio Solution File, Format Version 12.00
# Visual Studio 15
Project("{FAE04EC0-301F-11D3-BF4B-00C04F79EFBC}") = "RecurrenceExceptions", "RecurrenceExceptions\RecurrenceExceptions.csproj", "{37E918C0-71BC-411F-B13C-49DFF689BBCF}"
EndProject
Global
	GlobalSection(SolutionConfigurationPlatforms) = preSolution
		Debug|Any CPU = Debug|Any CPU
		Release|Any CPU = Release|Any CPU
	EndGlobalSection
	GlobalSection(ProjectConfigurationPlatforms) = postSolution
		{37E918C0-71BC-411F-B13C-49DFF689BBCF}.Debug|Any CPU.ActiveCfg = Debug|Any CPU
		{37E918C0-71BC-411F-B13C-49DFF689BBCF}.Debug|Any CPU.Build.0 = Debug|Any CPU
		{37E918C0-71BC-411F-B13C-49DFF689BBCF}.Release|Any CPU.ActiveCfg = Release|Any CPU
		{37E918C0-71BC-411F-B13C-49DFF689BBCF}.Release|Any CPU.Build.0 = Release|Any CPU
	EndGlobalSection
EndGlobal
